
Microsoft Visual Studio Solution File, Format Version 12.00
# Visual Studio 15
VisualStudioVersion = 15.0.28010.2016
MinimumVisualStudioVersion = 10.0.40219.1
Project("{FAE04EC0-301F-11D3-BF4B-00C04F79EFBC}") = "6", "6\6.csproj", "{812159EB-0A35-4781-A5D6-1DC2E69120D3}"
EndProject
Global
	GlobalSection(SolutionConfigurationPlatforms) = preSolution
		Debug|Any CPU = Debug|Any CPU
		Release|Any CPU = Release|Any CPU
	EndGlobalSection
	GlobalSection(ProjectConfigurationPlatforms) = postSolution
		{812159EB-0A35-4781-A5D6-1DC2E69120D3}.Debug|Any CPU.ActiveCfg = Debug|Any CPU
		{812159EB-0A35-4781-A5D6-1DC2E69120D3}.Debug|Any CPU.Build.0 = Debug|Any CPU
		{812159EB-0A35-4781-A5D6-1DC2E69120D3}.Release|Any CPU.ActiveCfg = Release|Any CPU
		{812159EB-0A35-4781-A5D6-1DC2E69120D3}.Release|Any CPU.Build.0 = Release|Any CPU
	EndGlobalSection
	GlobalSection(SolutionProperties) = preSolution
		HideSolutionNode = FALSE
	EndGlobalSection
	GlobalSection(ExtensibilityGlobals) = postSolution
		SolutionGuid = {83F15468-93B5-480B-8B10-B7CEFF9595C3}
	EndGlobalSection
EndGlobal
