
Microsoft Visual Studio Solution File, Format Version 12.00
# Visual Studio 15
VisualStudioVersion = 15.0.28010.2016
MinimumVisualStudioVersion = 10.0.40219.1
Project("{FAE04EC0-301F-11D3-BF4B-00C04F79EFBC}") = "12", "12\12.csproj", "{7F009309-B838-421D-B33A-31CC3ABB97D0}"
EndProject
Global
	GlobalSection(SolutionConfigurationPlatforms) = preSolution
		Debug|Any CPU = Debug|Any CPU
		Release|Any CPU = Release|Any CPU
	EndGlobalSection
	GlobalSection(ProjectConfigurationPlatforms) = postSolution
		{7F009309-B838-421D-B33A-31CC3ABB97D0}.Debug|Any CPU.ActiveCfg = Debug|Any CPU
		{7F009309-B838-421D-B33A-31CC3ABB97D0}.Debug|Any CPU.Build.0 = Debug|Any CPU
		{7F009309-B838-421D-B33A-31CC3ABB97D0}.Release|Any CPU.ActiveCfg = Release|Any CPU
		{7F009309-B838-421D-B33A-31CC3ABB97D0}.Release|Any CPU.Build.0 = Release|Any CPU
	EndGlobalSection
	GlobalSection(SolutionProperties) = preSolution
		HideSolutionNode = FALSE
	EndGlobalSection
	GlobalSection(ExtensibilityGlobals) = postSolution
		SolutionGuid = {5A7AE372-9A15-44E3-9A08-BD88E5BAC56B}
	EndGlobalSection
EndGlobal
