
Microsoft Visual Studio Solution File, Format Version 12.00
# Visual Studio 15
VisualStudioVersion = 15.0.28010.2016
MinimumVisualStudioVersion = 10.0.40219.1
Project("{FAE04EC0-301F-11D3-BF4B-00C04F79EFBC}") = "WindowsFormsApp1", "WindowsFormsApp1\WindowsFormsApp1.csproj", "{493ABC8F-E0C1-403F-8D03-5F881775345C}"
EndProject
Global
	GlobalSection(SolutionConfigurationPlatforms) = preSolution
		Debug|Any CPU = Debug|Any CPU
		Release|Any CPU = Release|Any CPU
	EndGlobalSection
	GlobalSection(ProjectConfigurationPlatforms) = postSolution
		{493ABC8F-E0C1-403F-8D03-5F881775345C}.Debug|Any CPU.ActiveCfg = Debug|Any CPU
		{493ABC8F-E0C1-403F-8D03-5F881775345C}.Debug|Any CPU.Build.0 = Debug|Any CPU
		{493ABC8F-E0C1-403F-8D03-5F881775345C}.Release|Any CPU.ActiveCfg = Release|Any CPU
		{493ABC8F-E0C1-403F-8D03-5F881775345C}.Release|Any CPU.Build.0 = Release|Any CPU
	EndGlobalSection
	GlobalSection(SolutionProperties) = preSolution
		HideSolutionNode = FALSE
	EndGlobalSection
	GlobalSection(ExtensibilityGlobals) = postSolution
		SolutionGuid = {A1572CCB-A8E9-47FD-B75C-37714B876979}
	EndGlobalSection
EndGlobal
